
Microsoft Visual Studio Solution File, Format Version 12.00
# Visual Studio Version 17
VisualStudioVersion = 17.7.34009.444
MinimumVisualStudioVersion = 10.0.40219.1
Project("{FAE04EC0-301F-11D3-BF4B-00C04F79EFBC}") = "CustomArray", "CustomArray.csproj", "{AB39C1E7-1DDE-4D79-8A39-1B6930726ED6}"
EndProject
Project("{FAE04EC0-301F-11D3-BF4B-00C04F79EFBC}") = "ConsoleApp1", "..\..\dayy4\ConsoleApp1\ConsoleApp1.csproj", "{12FA7315-1775-4E09-BBC9-91C567BD6485}"
EndProject
Global
	GlobalSection(SolutionConfigurationPlatforms) = preSolution
		Debug|Any CPU = Debug|Any CPU
		Release|Any CPU = Release|Any CPU
	EndGlobalSection
	GlobalSection(ProjectConfigurationPlatforms) = postSolution
		{AB39C1E7-1DDE-4D79-8A39-1B6930726ED6}.Debug|Any CPU.ActiveCfg = Debug|Any CPU
		{AB39C1E7-1DDE-4D79-8A39-1B6930726ED6}.Debug|Any CPU.Build.0 = Debug|Any CPU
		{AB39C1E7-1DDE-4D79-8A39-1B6930726ED6}.Release|Any CPU.ActiveCfg = Release|Any CPU
		{AB39C1E7-1DDE-4D79-8A39-1B6930726ED6}.Release|Any CPU.Build.0 = Release|Any CPU
		{12FA7315-1775-4E09-BBC9-91C567BD6485}.Debug|Any CPU.ActiveCfg = Debug|Any CPU
		{12FA7315-1775-4E09-BBC9-91C567BD6485}.Debug|Any CPU.Build.0 = Debug|Any CPU
		{12FA7315-1775-4E09-BBC9-91C567BD6485}.Release|Any CPU.ActiveCfg = Release|Any CPU
		{12FA7315-1775-4E09-BBC9-91C567BD6485}.Release|Any CPU.Build.0 = Release|Any CPU
	EndGlobalSection
	GlobalSection(SolutionProperties) = preSolution
		HideSolutionNode = FALSE
	EndGlobalSection
	GlobalSection(ExtensibilityGlobals) = postSolution
		SolutionGuid = {ED66113D-66BB-4026-AEEE-FECB61405C70}
	EndGlobalSection
EndGlobal
